
Microsoft Visual Studio Solution File, Format Version 12.00
# Visual Studio Version 16
VisualStudioVersion = 16.0.29905.134
MinimumVisualStudioVersion = 10.0.40219.1
Project("{FAE04EC0-301F-11D3-BF4B-00C04F79EFBC}") = "GestaoFinanceira", "GestaoFinanceira\GestaoFinanceira.csproj", "{AD3F5149-172A-4A20-BCAB-5C66C0876F1F}"
EndProject
Project("{FAE04EC0-301F-11D3-BF4B-00C04F79EFBC}") = "Servico", "Servico\Servico.csproj", "{B5CCADDE-E509-4D5C-BA6B-089ABD7C4B28}"
EndProject
Project("{FAE04EC0-301F-11D3-BF4B-00C04F79EFBC}") = "Modelo", "Modelo\Modelo.csproj", "{B92B93EF-39C5-4783-B38E-647469BB3772}"
EndProject
Project("{9A19103F-16F7-4668-BE54-9A1E7A4F7556}") = "Persistencia", "Persistencia\Persistencia.csproj", "{EEADAF54-211F-4303-8E47-25C92F4BC926}"
EndProject
Global
	GlobalSection(SolutionConfigurationPlatforms) = preSolution
		Debug|Any CPU = Debug|Any CPU
		Release|Any CPU = Release|Any CPU
	EndGlobalSection
	GlobalSection(ProjectConfigurationPlatforms) = postSolution
		{AD3F5149-172A-4A20-BCAB-5C66C0876F1F}.Debug|Any CPU.ActiveCfg = Debug|Any CPU
		{AD3F5149-172A-4A20-BCAB-5C66C0876F1F}.Debug|Any CPU.Build.0 = Debug|Any CPU
		{AD3F5149-172A-4A20-BCAB-5C66C0876F1F}.Release|Any CPU.ActiveCfg = Release|Any CPU
		{AD3F5149-172A-4A20-BCAB-5C66C0876F1F}.Release|Any CPU.Build.0 = Release|Any CPU
		{B5CCADDE-E509-4D5C-BA6B-089ABD7C4B28}.Debug|Any CPU.ActiveCfg = Debug|Any CPU
		{B5CCADDE-E509-4D5C-BA6B-089ABD7C4B28}.Debug|Any CPU.Build.0 = Debug|Any CPU
		{B5CCADDE-E509-4D5C-BA6B-089ABD7C4B28}.Release|Any CPU.ActiveCfg = Release|Any CPU
		{B5CCADDE-E509-4D5C-BA6B-089ABD7C4B28}.Release|Any CPU.Build.0 = Release|Any CPU
		{B92B93EF-39C5-4783-B38E-647469BB3772}.Debug|Any CPU.ActiveCfg = Debug|Any CPU
		{B92B93EF-39C5-4783-B38E-647469BB3772}.Debug|Any CPU.Build.0 = Debug|Any CPU
		{B92B93EF-39C5-4783-B38E-647469BB3772}.Release|Any CPU.ActiveCfg = Release|Any CPU
		{B92B93EF-39C5-4783-B38E-647469BB3772}.Release|Any CPU.Build.0 = Release|Any CPU
		{EEADAF54-211F-4303-8E47-25C92F4BC926}.Debug|Any CPU.ActiveCfg = Debug|Any CPU
		{EEADAF54-211F-4303-8E47-25C92F4BC926}.Debug|Any CPU.Build.0 = Debug|Any CPU
		{EEADAF54-211F-4303-8E47-25C92F4BC926}.Release|Any CPU.ActiveCfg = Release|Any CPU
		{EEADAF54-211F-4303-8E47-25C92F4BC926}.Release|Any CPU.Build.0 = Release|Any CPU
	EndGlobalSection
	GlobalSection(SolutionProperties) = preSolution
		HideSolutionNode = FALSE
	EndGlobalSection
	GlobalSection(ExtensibilityGlobals) = postSolution
		SolutionGuid = {0FCC5FBB-5FF6-4542-8AF9-FE4341200E0F}
	EndGlobalSection
EndGlobal
